PODS:
  - KeychainAccess (4.2.2)
  - R.swift (7.3.2)

DEPENDENCIES:
  - KeychainAccess (~> 4.2.2)
  - R.swift (~> 7.3.2)

SPEC REPOS:
  trunk:
    - KeychainAccess
    - R.swift

SPEC CHECKSUMS:
  KeychainAccess: c0c4f7f38f6fc7bbe58f5702e25f7bd2f65abf51
  R.swift: 0af0d882f49f03711415cb4e5215daa977d8a480

PODFILE CHECKSUM: c59a946063b117ce60459ca5ec29cf2957dc4669

COCOAPODS: 1.14.3
